
Microsoft Visual Studio Solution File, Format Version 12.00
# Visual Studio Version 17
VisualStudioVersion = 17.13.35931.197
MinimumVisualStudioVersion = 10.0.40219.1
Project("{2150E333-8FDC-42A3-9474-1A3956D46DE8}") = "src", "src", "{02EA681E-C7D8-13C7-8484-4AC65E1B71E8}"
EndProject
Project("{2150E333-8FDC-42A3-9474-1A3956D46DE8}") = "tests", "tests", "{E2AF906A-03BD-4108-9698-9E4834384885}"
EndProject
Project("{2150E333-8FDC-42A3-9474-1A3956D46DE8}") = "Arima.Core", "Arima.Core", "{07A57C2B-944F-43C7-BEEC-A02FE7C4E931}"
EndProject
Project("{2150E333-8FDC-42A3-9474-1A3956D46DE8}") = "Arima.Infrastructures", "Arima.Infrastructures", "{CBC12A24-8B9F-4889-8AF0-2A46D4867750}"
EndProject
Project("{2150E333-8FDC-42A3-9474-1A3956D46DE8}") = "Arima.Persentations", "Arima.Persentations", "{3F455785-A58F-4980-A745-EE91E95EF765}"
EndProject
Project("{FAE04EC0-301F-11D3-BF4B-00C04F79EFBC}") = "Arima.Domain", "Arima.Domain\Arima.Domain.csproj", "{113B3C50-80CA-470D-B260-5442CA3BAD49}"
EndProject
Project("{FAE04EC0-301F-11D3-BF4B-00C04F79EFBC}") = "Arima.Applications", "Arima.Application\Arima.Applications.csproj", "{C51F182D-653C-4353-9FCF-768BB192309A}"
EndProject
Project("{FAE04EC0-301F-11D3-BF4B-00C04F79EFBC}") = "Arima.Infrastructures", "Arima.Infrastructure\Arima.Infrastructures.csproj", "{FB491A6C-D60D-4059-B127-D527E333136C}"
EndProject
Project("{FAE04EC0-301F-11D3-BF4B-00C04F79EFBC}") = "Arima.UnitTests", "Arima.UnitTests\Arima.UnitTests.csproj", "{3BCBB76B-A31A-4249-9364-0B92E2C68460}"
EndProject
Project("{FAE04EC0-301F-11D3-BF4B-00C04F79EFBC}") = "Arima.Services", "Arima.Services\Arima.Services.csproj", "{FE6B0155-E569-40AF-BCAD-992007FD7A57}"
EndProject
Project("{FAE04EC0-301F-11D3-BF4B-00C04F79EFBC}") = "Arima.Migrations", "Arima.Migrations\Arima.Migrations.csproj", "{8E026E31-68CF-45F5-BB88-DC3416EE2570}"
EndProject
Project("{FAE04EC0-301F-11D3-BF4B-00C04F79EFBC}") = "Arima.Persistance", "Arima.Persistance\Arima.Persistance.csproj", "{CC6AA6BB-CDFB-42E4-B378-21B770479619}"
EndProject
Project("{FAE04EC0-301F-11D3-BF4B-00C04F79EFBC}") = "Arima.API", "Arima.API\Arima.API.csproj", "{DD215713-CA58-4361-8720-B03C113B8DFE}"
EndProject
Global
	GlobalSection(SolutionConfigurationPlatforms) = preSolution
		Debug|Any CPU = Debug|Any CPU
		Release|Any CPU = Release|Any CPU
	EndGlobalSection
	GlobalSection(ProjectConfigurationPlatforms) = postSolution
		{113B3C50-80CA-470D-B260-5442CA3BAD49}.Debug|Any CPU.ActiveCfg = Debug|Any CPU
		{113B3C50-80CA-470D-B260-5442CA3BAD49}.Debug|Any CPU.Build.0 = Debug|Any CPU
		{113B3C50-80CA-470D-B260-5442CA3BAD49}.Release|Any CPU.ActiveCfg = Release|Any CPU
		{113B3C50-80CA-470D-B260-5442CA3BAD49}.Release|Any CPU.Build.0 = Release|Any CPU
		{C51F182D-653C-4353-9FCF-768BB192309A}.Debug|Any CPU.ActiveCfg = Debug|Any CPU
		{C51F182D-653C-4353-9FCF-768BB192309A}.Debug|Any CPU.Build.0 = Debug|Any CPU
		{C51F182D-653C-4353-9FCF-768BB192309A}.Release|Any CPU.ActiveCfg = Release|Any CPU
		{C51F182D-653C-4353-9FCF-768BB192309A}.Release|Any CPU.Build.0 = Release|Any CPU
		{FB491A6C-D60D-4059-B127-D527E333136C}.Debug|Any CPU.ActiveCfg = Debug|Any CPU
		{FB491A6C-D60D-4059-B127-D527E333136C}.Debug|Any CPU.Build.0 = Debug|Any CPU
		{FB491A6C-D60D-4059-B127-D527E333136C}.Release|Any CPU.ActiveCfg = Release|Any CPU
		{FB491A6C-D60D-4059-B127-D527E333136C}.Release|Any CPU.Build.0 = Release|Any CPU
		{3BCBB76B-A31A-4249-9364-0B92E2C68460}.Debug|Any CPU.ActiveCfg = Debug|Any CPU
		{3BCBB76B-A31A-4249-9364-0B92E2C68460}.Debug|Any CPU.Build.0 = Debug|Any CPU
		{3BCBB76B-A31A-4249-9364-0B92E2C68460}.Release|Any CPU.ActiveCfg = Release|Any CPU
		{3BCBB76B-A31A-4249-9364-0B92E2C68460}.Release|Any CPU.Build.0 = Release|Any CPU
		{FE6B0155-E569-40AF-BCAD-992007FD7A57}.Debug|Any CPU.ActiveCfg = Debug|Any CPU
		{FE6B0155-E569-40AF-BCAD-992007FD7A57}.Debug|Any CPU.Build.0 = Debug|Any CPU
		{FE6B0155-E569-40AF-BCAD-992007FD7A57}.Release|Any CPU.ActiveCfg = Release|Any CPU
		{FE6B0155-E569-40AF-BCAD-992007FD7A57}.Release|Any CPU.Build.0 = Release|Any CPU
		{8E026E31-68CF-45F5-BB88-DC3416EE2570}.Debug|Any CPU.ActiveCfg = Debug|Any CPU
		{8E026E31-68CF-45F5-BB88-DC3416EE2570}.Debug|Any CPU.Build.0 = Debug|Any CPU
		{8E026E31-68CF-45F5-BB88-DC3416EE2570}.Release|Any CPU.ActiveCfg = Release|Any CPU
		{8E026E31-68CF-45F5-BB88-DC3416EE2570}.Release|Any CPU.Build.0 = Release|Any CPU
		{CC6AA6BB-CDFB-42E4-B378-21B770479619}.Debug|Any CPU.ActiveCfg = Debug|Any CPU
		{CC6AA6BB-CDFB-42E4-B378-21B770479619}.Debug|Any CPU.Build.0 = Debug|Any CPU
		{CC6AA6BB-CDFB-42E4-B378-21B770479619}.Release|Any CPU.ActiveCfg = Release|Any CPU
		{CC6AA6BB-CDFB-42E4-B378-21B770479619}.Release|Any CPU.Build.0 = Release|Any CPU
		{DD215713-CA58-4361-8720-B03C113B8DFE}.Debug|Any CPU.ActiveCfg = Debug|Any CPU
		{DD215713-CA58-4361-8720-B03C113B8DFE}.Debug|Any CPU.Build.0 = Debug|Any CPU
		{DD215713-CA58-4361-8720-B03C113B8DFE}.Release|Any CPU.ActiveCfg = Release|Any CPU
		{DD215713-CA58-4361-8720-B03C113B8DFE}.Release|Any CPU.Build.0 = Release|Any CPU
	EndGlobalSection
	GlobalSection(SolutionProperties) = preSolution
		HideSolutionNode = FALSE
	EndGlobalSection
	GlobalSection(NestedProjects) = preSolution
		{07A57C2B-944F-43C7-BEEC-A02FE7C4E931} = {02EA681E-C7D8-13C7-8484-4AC65E1B71E8}
		{CBC12A24-8B9F-4889-8AF0-2A46D4867750} = {02EA681E-C7D8-13C7-8484-4AC65E1B71E8}
		{3F455785-A58F-4980-A745-EE91E95EF765} = {02EA681E-C7D8-13C7-8484-4AC65E1B71E8}
		{113B3C50-80CA-470D-B260-5442CA3BAD49} = {07A57C2B-944F-43C7-BEEC-A02FE7C4E931}
		{C51F182D-653C-4353-9FCF-768BB192309A} = {07A57C2B-944F-43C7-BEEC-A02FE7C4E931}
		{FB491A6C-D60D-4059-B127-D527E333136C} = {CBC12A24-8B9F-4889-8AF0-2A46D4867750}
		{3BCBB76B-A31A-4249-9364-0B92E2C68460} = {E2AF906A-03BD-4108-9698-9E4834384885}
		{FE6B0155-E569-40AF-BCAD-992007FD7A57} = {07A57C2B-944F-43C7-BEEC-A02FE7C4E931}
		{8E026E31-68CF-45F5-BB88-DC3416EE2570} = {CBC12A24-8B9F-4889-8AF0-2A46D4867750}
		{CC6AA6BB-CDFB-42E4-B378-21B770479619} = {CBC12A24-8B9F-4889-8AF0-2A46D4867750}
		{DD215713-CA58-4361-8720-B03C113B8DFE} = {3F455785-A58F-4980-A745-EE91E95EF765}
	EndGlobalSection
	GlobalSection(ExtensibilityGlobals) = postSolution
		SolutionGuid = {26BCC7DE-B426-4112-8EF5-5DB632DA313B}
	EndGlobalSection
EndGlobal
